{
  "lockfileVersion": 1,
  "configVersion": 1,
  "workspaces": {
    "": {
      "name": "ripple-stick-to-bottom",
      "devDependencies": {
        "ripple": "^0.3.84",
        "typescript": "^5.9.2",
      },
      "peerDependencies": {
        "ripple": ">=0.3.0",
      },
    },
  },
  "packages": {
    "@jridgewell/sourcemap-codec": ["@jridgewell/sourcemap-codec@1.5.5", "", {}, "sha512-cYQ9310grqxueWbl+WuIUIaiUaDcj7WOq5fVhEljNVgRfOUhY9fy2zTvfoqWsnebh8Sl70VScFbICvJnLKB0Og=="],

    "@noble/hashes": ["@noble/hashes@2.2.0", "", {}, "sha512-IYqDGiTXab6FniAgnSdZwgWbomxpy9FtYvLKs7wCUs2a8RkITG+DFGO1DM9cr+E3/RgADRpFjrKVaJ1z6sjtEg=="],

    "@sveltejs/acorn-typescript": ["@sveltejs/acorn-typescript@1.0.10", "", { "peerDependencies": { "acorn": "^8.9.0" } }, "sha512-4WfKk68eTih+MiJD4fSbxN7E8kVBmTMPWHUPYjvl2N0rMs53YLTT8/YjKU5Dtnz5LqDjl7LEw4U7lXR2W3J5WA=="],

    "@tsrx/core": ["@tsrx/core@0.1.32", "", { "dependencies": { "@jridgewell/sourcemap-codec": "^1.5.5", "@noble/hashes": "^2.2.0", "@sveltejs/acorn-typescript": "^1.0.10", "@types/estree": "^1.0.8", "@types/estree-jsx": "^1.0.5", "acorn": "^8.16.0", "esrap": "^2.2.8", "is-reference": "^3.0.3", "magic-string": "^0.30.18", "zimmerframe": "^1.1.2" } }, "sha512-1U9etl7El6rVZvSOLcA83qpzfYMHhUXteovUliYJcc68CCI5+g9gzsQNFNcNnTCcWF54udLaon+xNIzUSUyPQw=="],

    "@tsrx/ripple": ["@tsrx/ripple@0.1.32", "", { "dependencies": { "@tsrx/core": "0.1.32", "esrap": "^2.2.8", "is-reference": "^3.0.3", "zimmerframe": "^1.1.2" } }, "sha512-fkMG462CRG+MD4n+f+bPasUXYYeT+qxlqd6hXfsSqr5tQFACWDLbhOT8Yz4f5aAdRz9n8F4B2A/+GQhGgtYhxw=="],

    "@types/estree": ["@types/estree@1.0.9", "", {}, "sha512-GhdPgy1el4/ImP05X05Uw4cw2/M93BCUmnEvWZNStlCzEKME4Fkk+YpoA5OiHNQmoS7Cafb8Xa3Pya8m1Qrzeg=="],

    "@types/estree-jsx": ["@types/estree-jsx@1.0.5", "", { "dependencies": { "@types/estree": "*" } }, "sha512-52CcUVNFyfb1A2ALocQw/Dd1BQFNmSdkuC3BkZ6iqhdMfQz7JWOFRuJFloOzjk+6WijU56m9oKXFAXc7o3Towg=="],

    "acorn": ["acorn@8.17.0", "", { "bin": { "acorn": "bin/acorn" } }, "sha512-xRQbDb9BnwDafYNn6Vwl839DYVjqXYb1XVGtWAZ1kcDc6iwAL4hg3B1dZlRiuENFeO2H53gFG3in621AdERVAg=="],

    "clsx": ["clsx@2.1.1", "", {}, "sha512-eYm0QWBtUrBWZWG0d386OGAw16Z995PiOVo2B7bjWSbHedGl5e0ZWaq65kOGgUSNesEIDkB9ISbTg/JK9dhCZA=="],

    "devalue": ["devalue@5.8.1", "", {}, "sha512-4CXDYRBGqN+57wVJkuXBYmpAVUSg3L6JAQa/DFqm238G73E1wuyc/JhGQJzN7vUf/CMphYau2zXbfWzDR5aTEw=="],

    "esm-env": ["esm-env@1.2.2", "", {}, "sha512-Epxrv+Nr/CaL4ZcFGPJIYLWFom+YeV1DqMLHJoEd9SYRxNbaFruBwfEX/kkHUJf55j2+TUbmDcmuilbP1TmXHA=="],

    "esrap": ["esrap@2.2.12", "", { "dependencies": { "@jridgewell/sourcemap-codec": "^1.4.15" }, "peerDependencies": { "@typescript-eslint/types": "^8.2.0" }, "optionalPeers": ["@typescript-eslint/types"] }, "sha512-On0QbLyaiAkVC4eXtgnXK9Kh2opit+3rcUSOc45DqJ2s/X2eXAHsGOKRSJ6IDagQEW5vPyivANfXUiqgXC67Rw=="],

    "is-reference": ["is-reference@3.0.3", "", { "dependencies": { "@types/estree": "^1.0.6" } }, "sha512-ixkJoqQvAP88E6wLydLGGqCJsrFUnqoH6HnaczB8XmDH1oaWU+xxdptvikTgaEhtZ53Ky6YXiBuUI2WXLMCwjw=="],

    "magic-string": ["magic-string@0.30.21", "", { "dependencies": { "@jridgewell/sourcemap-codec": "^1.5.5" } }, "sha512-vd2F4YUyEXKGcLHoq+TEyCjxueSeHnFxyyjNp80yg0XV4vUhnDer/lvvlqM/arB5bXQN5K2/3oinyCRyx8T2CQ=="],

    "ripple": ["ripple@0.3.84", "", { "dependencies": { "@tsrx/core": "0.1.32", "@tsrx/ripple": "0.1.32", "clsx": "^2.1.1", "devalue": "^5.8.1", "esm-env": "^1.2.2" } }, "sha512-1Og1pNcDnkwCfK479LBvr5Qy86rrfOys5692HfVe3OjuTGjt/ANt+SnnPA7QtYvmu11djfW14z0aGTosmm4CSg=="],

    "typescript": ["typescript@5.9.3", "", { "bin": { "tsc": "bin/tsc", "tsserver": "bin/tsserver" } }, "sha512-jl1vZzPDinLr9eUt3J/t7V6FgNEw9QjvBPdysz9KfQDD41fQrC2Y4vKQdiaUpFT4bXlb1RHhLpp8wtm6M5TgSw=="],

    "zimmerframe": ["zimmerframe@1.1.4", "", {}, "sha512-B58NGBEoc8Y9MWWCQGl/gq9xBCe4IiKM0a2x7GZdQKOW5Exr8S1W24J6OgM1njK8xCRGvAJIL/MxXHf6SkmQKQ=="],
  }
}
